
Microsoft Visual Studio Solution File, Format Version 12.00
# Visual Studio Version 16
VisualStudioVersion = 16.0.32510.428
MinimumVisualStudioVersion = 10.0.40219.1
Project("{FAE04EC0-301F-11D3-BF4B-00C04F79EFBC}") = "VegetableDB", "VegetableDB\VegetableDB.csproj", "{4737DE76-68C1-4176-B18B-181B325DE6A6}"
EndProject
Global
	GlobalSection(SolutionConfigurationPlatforms) = preSolution
		Debug|Any CPU = Debug|Any CPU
		Release|Any CPU = Release|Any CPU
	EndGlobalSection
	GlobalSection(ProjectConfigurationPlatforms) = postSolution
		{4737DE76-68C1-4176-B18B-181B325DE6A6}.Debug|Any CPU.ActiveCfg = Debug|Any CPU
		{4737DE76-68C1-4176-B18B-181B325DE6A6}.Debug|Any CPU.Build.0 = Debug|Any CPU
		{4737DE76-68C1-4176-B18B-181B325DE6A6}.Release|Any CPU.ActiveCfg = Release|Any CPU
		{4737DE76-68C1-4176-B18B-181B325DE6A6}.Release|Any CPU.Build.0 = Release|Any CPU
	EndGlobalSection
	GlobalSection(SolutionProperties) = preSolution
		HideSolutionNode = FALSE
	EndGlobalSection
	GlobalSection(ExtensibilityGlobals) = postSolution
		SolutionGuid = {CFEC3A38-AB0F-440E-8D96-197793AB1419}
	EndGlobalSection
EndGlobal
